
Microsoft Visual Studio Solution File, Format Version 12.00
# Visual Studio Version 17
VisualStudioVersion = 17.4.33213.308
MinimumVisualStudioVersion = 10.0.40219.1
Project("{FAE04EC0-301F-11D3-BF4B-00C04F79EFBC}") = "FilmesApi", "FilmesApi\FilmesApi.csproj", "{7969A6D1-25BA-4F14-AE8E-2D130BE382F8}"
EndProject
Global
	GlobalSection(SolutionConfigurationPlatforms) = preSolution
		Debug|Any CPU = Debug|Any CPU
		Release|Any CPU = Release|Any CPU
	EndGlobalSection
	GlobalSection(ProjectConfigurationPlatforms) = postSolution
		{7969A6D1-25BA-4F14-AE8E-2D130BE382F8}.Debug|Any CPU.ActiveCfg = Debug|Any CPU
		{7969A6D1-25BA-4F14-AE8E-2D130BE382F8}.Debug|Any CPU.Build.0 = Debug|Any CPU
		{7969A6D1-25BA-4F14-AE8E-2D130BE382F8}.Release|Any CPU.ActiveCfg = Release|Any CPU
		{7969A6D1-25BA-4F14-AE8E-2D130BE382F8}.Release|Any CPU.Build.0 = Release|Any CPU
	EndGlobalSection
	GlobalSection(SolutionProperties) = preSolution
		HideSolutionNode = FALSE
	EndGlobalSection
	GlobalSection(ExtensibilityGlobals) = postSolution
		SolutionGuid = {6EAE7518-4C7A-4A2A-B6C3-873736C20EBE}
	EndGlobalSection
EndGlobal
